
Microsoft Visual Studio Solution File, Format Version 12.00
# Visual Studio Version 16
VisualStudioVersion = 16.0.31424.327
MinimumVisualStudioVersion = 10.0.40219.1
Project("{8BC9CEB8-8B4A-11D0-8D11-00A0C91BC942}") = "ProyectoLABO_TP1", "ProyectoLABO_TP1\ProyectoLABO_TP1.vcxproj", "{F868037E-BD0B-4135-81A7-6B56F7E42940}"
EndProject
Global
	GlobalSection(SolutionConfigurationPlatforms) = preSolution
		Debug|x64 = Debug|x64
		Debug|x86 = Debug|x86
		Release|x64 = Release|x64
		Release|x86 = Release|x86
	EndGlobalSection
	GlobalSection(ProjectConfigurationPlatforms) = postSolution
		{F868037E-BD0B-4135-81A7-6B56F7E42940}.Debug|x64.ActiveCfg = Debug|x64
		{F868037E-BD0B-4135-81A7-6B56F7E42940}.Debug|x64.Build.0 = Debug|x64
		{F868037E-BD0B-4135-81A7-6B56F7E42940}.Debug|x86.ActiveCfg = Debug|Win32
		{F868037E-BD0B-4135-81A7-6B56F7E42940}.Debug|x86.Build.0 = Debug|Win32
		{F868037E-BD0B-4135-81A7-6B56F7E42940}.Release|x64.ActiveCfg = Release|x64
		{F868037E-BD0B-4135-81A7-6B56F7E42940}.Release|x64.Build.0 = Release|x64
		{F868037E-BD0B-4135-81A7-6B56F7E42940}.Release|x86.ActiveCfg = Release|Win32
		{F868037E-BD0B-4135-81A7-6B56F7E42940}.Release|x86.Build.0 = Release|Win32
	EndGlobalSection
	GlobalSection(SolutionProperties) = preSolution
		HideSolutionNode = FALSE
	EndGlobalSection
	GlobalSection(ExtensibilityGlobals) = postSolution
		SolutionGuid = {2F90FC3D-2359-4A3D-BB43-9A2241F213EF}
	EndGlobalSection
EndGlobal
